
Microsoft Visual Studio Solution File, Format Version 12.00
# Visual Studio Version 17
VisualStudioVersion = 17.0.31903.59
MinimumVisualStudioVersion = 10.0.40219.1
Project("{2150E333-8FDC-42A3-9474-1A3956D46DE8}") = "src", "src", "{827E0CD3-B72D-47B6-A68D-7590B98EB39B}"
EndProject
Project("{FAE04EC0-301F-11D3-BF4B-00C04F79EFBC}") = "CodeMap.Core", "src\CodeMap.Core\CodeMap.Core.csproj", "{1ABA6D69-21DB-43C2-AF02-50DF55EF4080}"
EndProject
Project("{FAE04EC0-301F-11D3-BF4B-00C04F79EFBC}") = "CodeMap.Git", "src\CodeMap.Git\CodeMap.Git.csproj", "{76A3ED2F-B5F5-4185-AE34-6731EB6CD542}"
EndProject
Project("{FAE04EC0-301F-11D3-BF4B-00C04F79EFBC}") = "CodeMap.Roslyn", "src\CodeMap.Roslyn\CodeMap.Roslyn.csproj", "{2451233D-15E6-4A9C-8738-3F1699E0E33C}"
EndProject
Project("{FAE04EC0-301F-11D3-BF4B-00C04F79EFBC}") = "CodeMap.Storage.Engine", "src\CodeMap.Storage.Engine\CodeMap.Storage.Engine.csproj", "{A3B5C7D9-E1F2-4A3B-8C9D-0E1F2A3B4C5D}"
EndProject
Project("{FAE04EC0-301F-11D3-BF4B-00C04F79EFBC}") = "CodeMap.Query", "src\CodeMap.Query\CodeMap.Query.csproj", "{8894FABF-83BE-4E9D-82E2-E288F6B5E021}"
EndProject
Project("{FAE04EC0-301F-11D3-BF4B-00C04F79EFBC}") = "CodeMap.Mcp", "src\CodeMap.Mcp\CodeMap.Mcp.csproj", "{9FC89166-9CCB-446F-A3CE-D720436FEB53}"
EndProject
Project("{FAE04EC0-301F-11D3-BF4B-00C04F79EFBC}") = "MGsCodeMap.Daemon", "src\CodeMap.Daemon\MGsCodeMap.Daemon.csproj", "{044FB897-9A05-490C-97D3-4854DF990007}"
EndProject
Project("{FAE04EC0-301F-11D3-BF4B-00C04F79EFBC}") = "MGsCodeMap.Mcp", "src\MGsCodeMap.Mcp\MGsCodeMap.Mcp.csproj", "{B87E71CA-2C72-4C73-91C2-1C0E2BD67649}"
EndProject
Project("{FAE04EC0-301F-11D3-BF4B-00C04F79EFBC}") = "CodeMap.TestUtilities", "tests\CodeMap.TestUtilities\CodeMap.TestUtilities.csproj", "{10FDD3FA-6AB8-4E66-ACE2-E6D50A7A0DD5}"
EndProject
Project("{FAE04EC0-301F-11D3-BF4B-00C04F79EFBC}") = "CodeMap.Core.Tests", "tests\CodeMap.Core.Tests\CodeMap.Core.Tests.csproj", "{C658FCE6-E925-49E5-A1A6-F1E9583E2278}"
EndProject
Project("{FAE04EC0-301F-11D3-BF4B-00C04F79EFBC}") = "CodeMap.Git.Tests", "tests\CodeMap.Git.Tests\CodeMap.Git.Tests.csproj", "{949DAB39-B71A-43AA-A5F6-575F7C1930AB}"
EndProject
Project("{FAE04EC0-301F-11D3-BF4B-00C04F79EFBC}") = "CodeMap.Roslyn.Tests", "tests\CodeMap.Roslyn.Tests\CodeMap.Roslyn.Tests.csproj", "{0AF53C06-85B1-4E32-AFE4-D9BF6E5CC61E}"
EndProject
Project("{FAE04EC0-301F-11D3-BF4B-00C04F79EFBC}") = "CodeMap.Query.Tests", "tests\CodeMap.Query.Tests\CodeMap.Query.Tests.csproj", "{2E0C8A15-F868-4DCC-9E9E-A36C52CFC0EF}"
EndProject
Project("{FAE04EC0-301F-11D3-BF4B-00C04F79EFBC}") = "CodeMap.Mcp.Tests", "tests\CodeMap.Mcp.Tests\CodeMap.Mcp.Tests.csproj", "{07C0DA0D-776B-482F-81F5-D385B5B2E4DE}"
EndProject
Project("{FAE04EC0-301F-11D3-BF4B-00C04F79EFBC}") = "CodeMap.Integration.Tests", "tests\CodeMap.Integration.Tests\CodeMap.Integration.Tests.csproj", "{10D86F9F-64D2-4284-BD8F-829559406481}"
EndProject
Project("{FAE04EC0-301F-11D3-BF4B-00C04F79EFBC}") = "CodeMap.Benchmarks", "tests\CodeMap.Benchmarks\CodeMap.Benchmarks.csproj", "{6CAEB052-E699-4933-8132-D11C291E9A27}"
EndProject
Project("{2150E333-8FDC-42A3-9474-1A3956D46DE8}") = "tests", "tests", "{0AB3BF05-4346-4AA6-1389-037BE0695223}"
EndProject
Project("{FAE04EC0-301F-11D3-BF4B-00C04F79EFBC}") = "CodeMap.Daemon.Tests", "tests\CodeMap.Daemon.Tests\CodeMap.Daemon.Tests.csproj", "{850B2147-9300-4BB4-9103-BB391CA68178}"
EndProject
Project("{2150E333-8FDC-42A3-9474-1A3956D46DE8}") = "benchmarks", "benchmarks", "{02EA681E-C7D8-13C7-8484-4AC65E1B71E8}"
EndProject
Project("{FAE04EC0-301F-11D3-BF4B-00C04F79EFBC}") = "CodeMap.Harness", "tests\CodeMap.Harness\CodeMap.Harness.csproj", "{617D4D5E-0442-4F40-8E00-924273C000DD}"
EndProject
Project("{FAE04EC0-301F-11D3-BF4B-00C04F79EFBC}") = "CodeMap.Storage.Engine.Tests", "tests\CodeMap.Storage.Engine.Tests\CodeMap.Storage.Engine.Tests.csproj", "{7048FFBE-9549-4956-8B50-2549ED9A0B74}"
EndProject
Global
	GlobalSection(SolutionConfigurationPlatforms) = preSolution
		Debug|Any CPU = Debug|Any CPU
		Debug|x64 = Debug|x64
		Debug|x86 = Debug|x86
		Release|Any CPU = Release|Any CPU
		Release|x64 = Release|x64
		Release|x86 = Release|x86
	EndGlobalSection
	GlobalSection(ProjectConfigurationPlatforms) = postSolution
		{1ABA6D69-21DB-43C2-AF02-50DF55EF4080}.Debug|Any CPU.ActiveCfg = Debug|Any CPU
		{1ABA6D69-21DB-43C2-AF02-50DF55EF4080}.Debug|Any CPU.Build.0 = Debug|Any CPU
		{1ABA6D69-21DB-43C2-AF02-50DF55EF4080}.Debug|x64.ActiveCfg = Debug|Any CPU
		{1ABA6D69-21DB-43C2-AF02-50DF55EF4080}.Debug|x64.Build.0 = Debug|Any CPU
		{1ABA6D69-21DB-43C2-AF02-50DF55EF4080}.Debug|x86.ActiveCfg = Debug|Any CPU
		{1ABA6D69-21DB-43C2-AF02-50DF55EF4080}.Debug|x86.Build.0 = Debug|Any CPU
		{1ABA6D69-21DB-43C2-AF02-50DF55EF4080}.Release|Any CPU.ActiveCfg = Release|Any CPU
		{1ABA6D69-21DB-43C2-AF02-50DF55EF4080}.Release|Any CPU.Build.0 = Release|Any CPU
		{1ABA6D69-21DB-43C2-AF02-50DF55EF4080}.Release|x64.ActiveCfg = Release|Any CPU
		{1ABA6D69-21DB-43C2-AF02-50DF55EF4080}.Release|x64.Build.0 = Release|Any CPU
		{1ABA6D69-21DB-43C2-AF02-50DF55EF4080}.Release|x86.ActiveCfg = Release|Any CPU
		{1ABA6D69-21DB-43C2-AF02-50DF55EF4080}.Release|x86.Build.0 = Release|Any CPU
		{76A3ED2F-B5F5-4185-AE34-6731EB6CD542}.Debug|Any CPU.ActiveCfg = Debug|Any CPU
		{76A3ED2F-B5F5-4185-AE34-6731EB6CD542}.Debug|Any CPU.Build.0 = Debug|Any CPU
		{76A3ED2F-B5F5-4185-AE34-6731EB6CD542}.Debug|x64.ActiveCfg = Debug|Any CPU
		{76A3ED2F-B5F5-4185-AE34-6731EB6CD542}.Debug|x64.Build.0 = Debug|Any CPU
		{76A3ED2F-B5F5-4185-AE34-6731EB6CD542}.Debug|x86.ActiveCfg = Debug|Any CPU
		{76A3ED2F-B5F5-4185-AE34-6731EB6CD542}.Debug|x86.Build.0 = Debug|Any CPU
		{76A3ED2F-B5F5-4185-AE34-6731EB6CD542}.Release|Any CPU.ActiveCfg = Release|Any CPU
		{76A3ED2F-B5F5-4185-AE34-6731EB6CD542}.Release|Any CPU.Build.0 = Release|Any CPU
		{76A3ED2F-B5F5-4185-AE34-6731EB6CD542}.Release|x64.ActiveCfg = Release|Any CPU
		{76A3ED2F-B5F5-4185-AE34-6731EB6CD542}.Release|x64.Build.0 = Release|Any CPU
		{76A3ED2F-B5F5-4185-AE34-6731EB6CD542}.Release|x86.ActiveCfg = Release|Any CPU
		{76A3ED2F-B5F5-4185-AE34-6731EB6CD542}.Release|x86.Build.0 = Release|Any CPU
		{2451233D-15E6-4A9C-8738-3F1699E0E33C}.Debug|Any CPU.ActiveCfg = Debug|Any CPU
		{2451233D-15E6-4A9C-8738-3F1699E0E33C}.Debug|Any CPU.Build.0 = Debug|Any CPU
		{2451233D-15E6-4A9C-8738-3F1699E0E33C}.Debug|x64.ActiveCfg = Debug|Any CPU
		{2451233D-15E6-4A9C-8738-3F1699E0E33C}.Debug|x64.Build.0 = Debug|Any CPU
		{2451233D-15E6-4A9C-8738-3F1699E0E33C}.Debug|x86.ActiveCfg = Debug|Any CPU
		{2451233D-15E6-4A9C-8738-3F1699E0E33C}.Debug|x86.Build.0 = Debug|Any CPU
		{2451233D-15E6-4A9C-8738-3F1699E0E33C}.Release|Any CPU.ActiveCfg = Release|Any CPU
		{2451233D-15E6-4A9C-8738-3F1699E0E33C}.Release|Any CPU.Build.0 = Release|Any CPU
		{2451233D-15E6-4A9C-8738-3F1699E0E33C}.Release|x64.ActiveCfg = Release|Any CPU
		{2451233D-15E6-4A9C-8738-3F1699E0E33C}.Release|x64.Build.0 = Release|Any CPU
		{2451233D-15E6-4A9C-8738-3F1699E0E33C}.Release|x86.ActiveCfg = Release|Any CPU
		{2451233D-15E6-4A9C-8738-3F1699E0E33C}.Release|x86.Build.0 = Release|Any CPU
		{A3B5C7D9-E1F2-4A3B-8C9D-0E1F2A3B4C5D}.Debug|Any CPU.ActiveCfg = Debug|Any CPU
		{A3B5C7D9-E1F2-4A3B-8C9D-0E1F2A3B4C5D}.Debug|Any CPU.Build.0 = Debug|Any CPU
		{A3B5C7D9-E1F2-4A3B-8C9D-0E1F2A3B4C5D}.Release|Any CPU.ActiveCfg = Release|Any CPU
		{A3B5C7D9-E1F2-4A3B-8C9D-0E1F2A3B4C5D}.Release|Any CPU.Build.0 = Release|Any CPU
		{8894FABF-83BE-4E9D-82E2-E288F6B5E021}.Debug|Any CPU.ActiveCfg = Debug|Any CPU
		{8894FABF-83BE-4E9D-82E2-E288F6B5E021}.Debug|Any CPU.Build.0 = Debug|Any CPU
		{8894FABF-83BE-4E9D-82E2-E288F6B5E021}.Debug|x64.ActiveCfg = Debug|Any CPU
		{8894FABF-83BE-4E9D-82E2-E288F6B5E021}.Debug|x64.Build.0 = Debug|Any CPU
		{8894FABF-83BE-4E9D-82E2-E288F6B5E021}.Debug|x86.ActiveCfg = Debug|Any CPU
		{8894FABF-83BE-4E9D-82E2-E288F6B5E021}.Debug|x86.Build.0 = Debug|Any CPU
		{8894FABF-83BE-4E9D-82E2-E288F6B5E021}.Release|Any CPU.ActiveCfg = Release|Any CPU
		{8894FABF-83BE-4E9D-82E2-E288F6B5E021}.Release|Any CPU.Build.0 = Release|Any CPU
		{8894FABF-83BE-4E9D-82E2-E288F6B5E021}.Release|x64.ActiveCfg = Release|Any CPU
		{8894FABF-83BE-4E9D-82E2-E288F6B5E021}.Release|x64.Build.0 = Release|Any CPU
		{8894FABF-83BE-4E9D-82E2-E288F6B5E021}.Release|x86.ActiveCfg = Release|Any CPU
		{8894FABF-83BE-4E9D-82E2-E288F6B5E021}.Release|x86.Build.0 = Release|Any CPU
		{9FC89166-9CCB-446F-A3CE-D720436FEB53}.Debug|Any CPU.ActiveCfg = Debug|Any CPU
		{9FC89166-9CCB-446F-A3CE-D720436FEB53}.Debug|Any CPU.Build.0 = Debug|Any CPU
		{9FC89166-9CCB-446F-A3CE-D720436FEB53}.Debug|x64.ActiveCfg = Debug|Any CPU
		{9FC89166-9CCB-446F-A3CE-D720436FEB53}.Debug|x64.Build.0 = Debug|Any CPU
		{9FC89166-9CCB-446F-A3CE-D720436FEB53}.Debug|x86.ActiveCfg = Debug|Any CPU
		{9FC89166-9CCB-446F-A3CE-D720436FEB53}.Debug|x86.Build.0 = Debug|Any CPU
		{9FC89166-9CCB-446F-A3CE-D720436FEB53}.Release|Any CPU.ActiveCfg = Release|Any CPU
		{9FC89166-9CCB-446F-A3CE-D720436FEB53}.Release|Any CPU.Build.0 = Release|Any CPU
		{9FC89166-9CCB-446F-A3CE-D720436FEB53}.Release|x64.ActiveCfg = Release|Any CPU
		{9FC89166-9CCB-446F-A3CE-D720436FEB53}.Release|x64.Build.0 = Release|Any CPU
		{9FC89166-9CCB-446F-A3CE-D720436FEB53}.Release|x86.ActiveCfg = Release|Any CPU
		{9FC89166-9CCB-446F-A3CE-D720436FEB53}.Release|x86.Build.0 = Release|Any CPU
		{044FB897-9A05-490C-97D3-4854DF990007}.Debug|Any CPU.ActiveCfg = Debug|Any CPU
		{044FB897-9A05-490C-97D3-4854DF990007}.Debug|Any CPU.Build.0 = Debug|Any CPU
		{044FB897-9A05-490C-97D3-4854DF990007}.Debug|x64.ActiveCfg = Debug|Any CPU
		{044FB897-9A05-490C-97D3-4854DF990007}.Debug|x64.Build.0 = Debug|Any CPU
		{044FB897-9A05-490C-97D3-4854DF990007}.Debug|x86.ActiveCfg = Debug|Any CPU
		{044FB897-9A05-490C-97D3-4854DF990007}.Debug|x86.Build.0 = Debug|Any CPU
		{044FB897-9A05-490C-97D3-4854DF990007}.Release|Any CPU.ActiveCfg = Release|Any CPU
		{044FB897-9A05-490C-97D3-4854DF990007}.Release|Any CPU.Build.0 = Release|Any CPU
		{044FB897-9A05-490C-97D3-4854DF990007}.Release|x64.ActiveCfg = Release|Any CPU
		{044FB897-9A05-490C-97D3-4854DF990007}.Release|x64.Build.0 = Release|Any CPU
		{044FB897-9A05-490C-97D3-4854DF990007}.Release|x86.ActiveCfg = Release|Any CPU
		{044FB897-9A05-490C-97D3-4854DF990007}.Release|x86.Build.0 = Release|Any CPU
		{B87E71CA-2C72-4C73-91C2-1C0E2BD67649}.Debug|Any CPU.ActiveCfg = Debug|Any CPU
		{B87E71CA-2C72-4C73-91C2-1C0E2BD67649}.Debug|Any CPU.Build.0 = Debug|Any CPU
		{B87E71CA-2C72-4C73-91C2-1C0E2BD67649}.Debug|x64.ActiveCfg = Debug|Any CPU
		{B87E71CA-2C72-4C73-91C2-1C0E2BD67649}.Debug|x64.Build.0 = Debug|Any CPU
		{B87E71CA-2C72-4C73-91C2-1C0E2BD67649}.Debug|x86.ActiveCfg = Debug|Any CPU
		{B87E71CA-2C72-4C73-91C2-1C0E2BD67649}.Debug|x86.Build.0 = Debug|Any CPU
		{B87E71CA-2C72-4C73-91C2-1C0E2BD67649}.Release|Any CPU.ActiveCfg = Release|Any CPU
		{B87E71CA-2C72-4C73-91C2-1C0E2BD67649}.Release|Any CPU.Build.0 = Release|Any CPU
		{B87E71CA-2C72-4C73-91C2-1C0E2BD67649}.Release|x64.ActiveCfg = Release|Any CPU
		{B87E71CA-2C72-4C73-91C2-1C0E2BD67649}.Release|x64.Build.0 = Release|Any CPU
		{B87E71CA-2C72-4C73-91C2-1C0E2BD67649}.Release|x86.ActiveCfg = Release|Any CPU
		{B87E71CA-2C72-4C73-91C2-1C0E2BD67649}.Release|x86.Build.0 = Release|Any CPU
		{10FDD3FA-6AB8-4E66-ACE2-E6D50A7A0DD5}.Debug|Any CPU.ActiveCfg = Debug|Any CPU
		{10FDD3FA-6AB8-4E66-ACE2-E6D50A7A0DD5}.Debug|Any CPU.Build.0 = Debug|Any CPU
		{10FDD3FA-6AB8-4E66-ACE2-E6D50A7A0DD5}.Debug|x64.ActiveCfg = Debug|Any CPU
		{10FDD3FA-6AB8-4E66-ACE2-E6D50A7A0DD5}.Debug|x64.Build.0 = Debug|Any CPU
		{10FDD3FA-6AB8-4E66-ACE2-E6D50A7A0DD5}.Debug|x86.ActiveCfg = Debug|Any CPU
		{10FDD3FA-6AB8-4E66-ACE2-E6D50A7A0DD5}.Debug|x86.Build.0 = Debug|Any CPU
		{10FDD3FA-6AB8-4E66-ACE2-E6D50A7A0DD5}.Release|Any CPU.ActiveCfg = Release|Any CPU
		{10FDD3FA-6AB8-4E66-ACE2-E6D50A7A0DD5}.Release|Any CPU.Build.0 = Release|Any CPU
		{10FDD3FA-6AB8-4E66-ACE2-E6D50A7A0DD5}.Release|x64.ActiveCfg = Release|Any CPU
		{10FDD3FA-6AB8-4E66-ACE2-E6D50A7A0DD5}.Release|x64.Build.0 = Release|Any CPU
		{10FDD3FA-6AB8-4E66-ACE2-E6D50A7A0DD5}.Release|x86.ActiveCfg = Release|Any CPU
		{10FDD3FA-6AB8-4E66-ACE2-E6D50A7A0DD5}.Release|x86.Build.0 = Release|Any CPU
		{C658FCE6-E925-49E5-A1A6-F1E9583E2278}.Debug|Any CPU.ActiveCfg = Debug|Any CPU
		{C658FCE6-E925-49E5-A1A6-F1E9583E2278}.Debug|Any CPU.Build.0 = Debug|Any CPU
		{C658FCE6-E925-49E5-A1A6-F1E9583E2278}.Debug|x64.ActiveCfg = Debug|Any CPU
		{C658FCE6-E925-49E5-A1A6-F1E9583E2278}.Debug|x64.Build.0 = Debug|Any CPU
		{C658FCE6-E925-49E5-A1A6-F1E9583E2278}.Debug|x86.ActiveCfg = Debug|Any CPU
		{C658FCE6-E925-49E5-A1A6-F1E9583E2278}.Debug|x86.Build.0 = Debug|Any CPU
		{C658FCE6-E925-49E5-A1A6-F1E9583E2278}.Release|Any CPU.ActiveCfg = Release|Any CPU
		{C658FCE6-E925-49E5-A1A6-F1E9583E2278}.Release|Any CPU.Build.0 = Release|Any CPU
		{C658FCE6-E925-49E5-A1A6-F1E9583E2278}.Release|x64.ActiveCfg = Release|Any CPU
		{C658FCE6-E925-49E5-A1A6-F1E9583E2278}.Release|x64.Build.0 = Release|Any CPU
		{C658FCE6-E925-49E5-A1A6-F1E9583E2278}.Release|x86.ActiveCfg = Release|Any CPU
		{C658FCE6-E925-49E5-A1A6-F1E9583E2278}.Release|x86.Build.0 = Release|Any CPU
		{949DAB39-B71A-43AA-A5F6-575F7C1930AB}.Debug|Any CPU.ActiveCfg = Debug|Any CPU
		{949DAB39-B71A-43AA-A5F6-575F7C1930AB}.Debug|Any CPU.Build.0 = Debug|Any CPU
		{949DAB39-B71A-43AA-A5F6-575F7C1930AB}.Debug|x64.ActiveCfg = Debug|Any CPU
		{949DAB39-B71A-43AA-A5F6-575F7C1930AB}.Debug|x64.Build.0 = Debug|Any CPU
		{949DAB39-B71A-43AA-A5F6-575F7C1930AB}.Debug|x86.ActiveCfg = Debug|Any CPU
		{949DAB39-B71A-43AA-A5F6-575F7C1930AB}.Debug|x86.Build.0 = Debug|Any CPU
		{949DAB39-B71A-43AA-A5F6-575F7C1930AB}.Release|Any CPU.ActiveCfg = Release|Any CPU
		{949DAB39-B71A-43AA-A5F6-575F7C1930AB}.Release|Any CPU.Build.0 = Release|Any CPU
		{949DAB39-B71A-43AA-A5F6-575F7C1930AB}.Release|x64.ActiveCfg = Release|Any CPU
		{949DAB39-B71A-43AA-A5F6-575F7C1930AB}.Release|x64.Build.0 = Release|Any CPU
		{949DAB39-B71A-43AA-A5F6-575F7C1930AB}.Release|x86.ActiveCfg = Release|Any CPU
		{949DAB39-B71A-43AA-A5F6-575F7C1930AB}.Release|x86.Build.0 = Release|Any CPU
		{0AF53C06-85B1-4E32-AFE4-D9BF6E5CC61E}.Debug|Any CPU.ActiveCfg = Debug|Any CPU
		{0AF53C06-85B1-4E32-AFE4-D9BF6E5CC61E}.Debug|Any CPU.Build.0 = Debug|Any CPU
		{0AF53C06-85B1-4E32-AFE4-D9BF6E5CC61E}.Debug|x64.ActiveCfg = Debug|Any CPU
		{0AF53C06-85B1-4E32-AFE4-D9BF6E5CC61E}.Debug|x64.Build.0 = Debug|Any CPU
		{0AF53C06-85B1-4E32-AFE4-D9BF6E5CC61E}.Debug|x86.ActiveCfg = Debug|Any CPU
		{0AF53C06-85B1-4E32-AFE4-D9BF6E5CC61E}.Debug|x86.Build.0 = Debug|Any CPU
		{0AF53C06-85B1-4E32-AFE4-D9BF6E5CC61E}.Release|Any CPU.ActiveCfg = Release|Any CPU
		{0AF53C06-85B1-4E32-AFE4-D9BF6E5CC61E}.Release|Any CPU.Build.0 = Release|Any CPU
		{0AF53C06-85B1-4E32-AFE4-D9BF6E5CC61E}.Release|x64.ActiveCfg = Release|Any CPU
		{0AF53C06-85B1-4E32-AFE4-D9BF6E5CC61E}.Release|x64.Build.0 = Release|Any CPU
		{0AF53C06-85B1-4E32-AFE4-D9BF6E5CC61E}.Release|x86.ActiveCfg = Release|Any CPU
		{0AF53C06-85B1-4E32-AFE4-D9BF6E5CC61E}.Release|x86.Build.0 = Release|Any CPU
		{2E0C8A15-F868-4DCC-9E9E-A36C52CFC0EF}.Debug|Any CPU.ActiveCfg = Debug|Any CPU
		{2E0C8A15-F868-4DCC-9E9E-A36C52CFC0EF}.Debug|Any CPU.Build.0 = Debug|Any CPU
		{2E0C8A15-F868-4DCC-9E9E-A36C52CFC0EF}.Debug|x64.ActiveCfg = Debug|Any CPU
		{2E0C8A15-F868-4DCC-9E9E-A36C52CFC0EF}.Debug|x64.Build.0 = Debug|Any CPU
		{2E0C8A15-F868-4DCC-9E9E-A36C52CFC0EF}.Debug|x86.ActiveCfg = Debug|Any CPU
		{2E0C8A15-F868-4DCC-9E9E-A36C52CFC0EF}.Debug|x86.Build.0 = Debug|Any CPU
		{2E0C8A15-F868-4DCC-9E9E-A36C52CFC0EF}.Release|Any CPU.ActiveCfg = Release|Any CPU
		{2E0C8A15-F868-4DCC-9E9E-A36C52CFC0EF}.Release|Any CPU.Build.0 = Release|Any CPU
		{2E0C8A15-F868-4DCC-9E9E-A36C52CFC0EF}.Release|x64.ActiveCfg = Release|Any CPU
		{2E0C8A15-F868-4DCC-9E9E-A36C52CFC0EF}.Release|x64.Build.0 = Release|Any CPU
		{2E0C8A15-F868-4DCC-9E9E-A36C52CFC0EF}.Release|x86.ActiveCfg = Release|Any CPU
		{2E0C8A15-F868-4DCC-9E9E-A36C52CFC0EF}.Release|x86.Build.0 = Release|Any CPU
		{07C0DA0D-776B-482F-81F5-D385B5B2E4DE}.Debug|Any CPU.ActiveCfg = Debug|Any CPU
		{07C0DA0D-776B-482F-81F5-D385B5B2E4DE}.Debug|Any CPU.Build.0 = Debug|Any CPU
		{07C0DA0D-776B-482F-81F5-D385B5B2E4DE}.Debug|x64.ActiveCfg = Debug|Any CPU
		{07C0DA0D-776B-482F-81F5-D385B5B2E4DE}.Debug|x64.Build.0 = Debug|Any CPU
		{07C0DA0D-776B-482F-81F5-D385B5B2E4DE}.Debug|x86.ActiveCfg = Debug|Any CPU
		{07C0DA0D-776B-482F-81F5-D385B5B2E4DE}.Debug|x86.Build.0 = Debug|Any CPU
		{07C0DA0D-776B-482F-81F5-D385B5B2E4DE}.Release|Any CPU.ActiveCfg = Release|Any CPU
		{07C0DA0D-776B-482F-81F5-D385B5B2E4DE}.Release|Any CPU.Build.0 = Release|Any CPU
		{07C0DA0D-776B-482F-81F5-D385B5B2E4DE}.Release|x64.ActiveCfg = Release|Any CPU
		{07C0DA0D-776B-482F-81F5-D385B5B2E4DE}.Release|x64.Build.0 = Release|Any CPU
		{07C0DA0D-776B-482F-81F5-D385B5B2E4DE}.Release|x86.ActiveCfg = Release|Any CPU
		{07C0DA0D-776B-482F-81F5-D385B5B2E4DE}.Release|x86.Build.0 = Release|Any CPU
		{10D86F9F-64D2-4284-BD8F-829559406481}.Debug|Any CPU.ActiveCfg = Debug|Any CPU
		{10D86F9F-64D2-4284-BD8F-829559406481}.Debug|Any CPU.Build.0 = Debug|Any CPU
		{10D86F9F-64D2-4284-BD8F-829559406481}.Debug|x64.ActiveCfg = Debug|Any CPU
		{10D86F9F-64D2-4284-BD8F-829559406481}.Debug|x64.Build.0 = Debug|Any CPU
		{10D86F9F-64D2-4284-BD8F-829559406481}.Debug|x86.ActiveCfg = Debug|Any CPU
		{10D86F9F-64D2-4284-BD8F-829559406481}.Debug|x86.Build.0 = Debug|Any CPU
		{10D86F9F-64D2-4284-BD8F-829559406481}.Release|Any CPU.ActiveCfg = Release|Any CPU
		{10D86F9F-64D2-4284-BD8F-829559406481}.Release|Any CPU.Build.0 = Release|Any CPU
		{10D86F9F-64D2-4284-BD8F-829559406481}.Release|x64.ActiveCfg = Release|Any CPU
		{10D86F9F-64D2-4284-BD8F-829559406481}.Release|x64.Build.0 = Release|Any CPU
		{10D86F9F-64D2-4284-BD8F-829559406481}.Release|x86.ActiveCfg = Release|Any CPU
		{10D86F9F-64D2-4284-BD8F-829559406481}.Release|x86.Build.0 = Release|Any CPU
		{6CAEB052-E699-4933-8132-D11C291E9A27}.Debug|Any CPU.ActiveCfg = Debug|Any CPU
		{6CAEB052-E699-4933-8132-D11C291E9A27}.Debug|Any CPU.Build.0 = Debug|Any CPU
		{6CAEB052-E699-4933-8132-D11C291E9A27}.Debug|x64.ActiveCfg = Debug|Any CPU
		{6CAEB052-E699-4933-8132-D11C291E9A27}.Debug|x64.Build.0 = Debug|Any CPU
		{6CAEB052-E699-4933-8132-D11C291E9A27}.Debug|x86.ActiveCfg = Debug|Any CPU
		{6CAEB052-E699-4933-8132-D11C291E9A27}.Debug|x86.Build.0 = Debug|Any CPU
		{6CAEB052-E699-4933-8132-D11C291E9A27}.Release|Any CPU.ActiveCfg = Release|Any CPU
		{6CAEB052-E699-4933-8132-D11C291E9A27}.Release|Any CPU.Build.0 = Release|Any CPU
		{6CAEB052-E699-4933-8132-D11C291E9A27}.Release|x64.ActiveCfg = Release|Any CPU
		{6CAEB052-E699-4933-8132-D11C291E9A27}.Release|x64.Build.0 = Release|Any CPU
		{6CAEB052-E699-4933-8132-D11C291E9A27}.Release|x86.ActiveCfg = Release|Any CPU
		{6CAEB052-E699-4933-8132-D11C291E9A27}.Release|x86.Build.0 = Release|Any CPU
		{850B2147-9300-4BB4-9103-BB391CA68178}.Debug|Any CPU.ActiveCfg = Debug|Any CPU
		{850B2147-9300-4BB4-9103-BB391CA68178}.Debug|Any CPU.Build.0 = Debug|Any CPU
		{850B2147-9300-4BB4-9103-BB391CA68178}.Debug|x64.ActiveCfg = Debug|Any CPU
		{850B2147-9300-4BB4-9103-BB391CA68178}.Debug|x64.Build.0 = Debug|Any CPU
		{850B2147-9300-4BB4-9103-BB391CA68178}.Debug|x86.ActiveCfg = Debug|Any CPU
		{850B2147-9300-4BB4-9103-BB391CA68178}.Debug|x86.Build.0 = Debug|Any CPU
		{850B2147-9300-4BB4-9103-BB391CA68178}.Release|Any CPU.ActiveCfg = Release|Any CPU
		{850B2147-9300-4BB4-9103-BB391CA68178}.Release|Any CPU.Build.0 = Release|Any CPU
		{850B2147-9300-4BB4-9103-BB391CA68178}.Release|x64.ActiveCfg = Release|Any CPU
		{850B2147-9300-4BB4-9103-BB391CA68178}.Release|x64.Build.0 = Release|Any CPU
		{850B2147-9300-4BB4-9103-BB391CA68178}.Release|x86.ActiveCfg = Release|Any CPU
		{850B2147-9300-4BB4-9103-BB391CA68178}.Release|x86.Build.0 = Release|Any CPU
		{617D4D5E-0442-4F40-8E00-924273C000DD}.Debug|Any CPU.ActiveCfg = Debug|Any CPU
		{617D4D5E-0442-4F40-8E00-924273C000DD}.Debug|Any CPU.Build.0 = Debug|Any CPU
		{617D4D5E-0442-4F40-8E00-924273C000DD}.Debug|x64.ActiveCfg = Debug|Any CPU
		{617D4D5E-0442-4F40-8E00-924273C000DD}.Debug|x64.Build.0 = Debug|Any CPU
		{617D4D5E-0442-4F40-8E00-924273C000DD}.Debug|x86.ActiveCfg = Debug|Any CPU
		{617D4D5E-0442-4F40-8E00-924273C000DD}.Debug|x86.Build.0 = Debug|Any CPU
		{617D4D5E-0442-4F40-8E00-924273C000DD}.Release|Any CPU.ActiveCfg = Release|Any CPU
		{617D4D5E-0442-4F40-8E00-924273C000DD}.Release|Any CPU.Build.0 = Release|Any CPU
		{617D4D5E-0442-4F40-8E00-924273C000DD}.Release|x64.ActiveCfg = Release|Any CPU
		{617D4D5E-0442-4F40-8E00-924273C000DD}.Release|x64.Build.0 = Release|Any CPU
		{617D4D5E-0442-4F40-8E00-924273C000DD}.Release|x86.ActiveCfg = Release|Any CPU
		{617D4D5E-0442-4F40-8E00-924273C000DD}.Release|x86.Build.0 = Release|Any CPU
		{7048FFBE-9549-4956-8B50-2549ED9A0B74}.Debug|Any CPU.ActiveCfg = Debug|Any CPU
		{7048FFBE-9549-4956-8B50-2549ED9A0B74}.Debug|Any CPU.Build.0 = Debug|Any CPU
		{7048FFBE-9549-4956-8B50-2549ED9A0B74}.Debug|x64.ActiveCfg = Debug|Any CPU
		{7048FFBE-9549-4956-8B50-2549ED9A0B74}.Debug|x64.Build.0 = Debug|Any CPU
		{7048FFBE-9549-4956-8B50-2549ED9A0B74}.Debug|x86.ActiveCfg = Debug|Any CPU
		{7048FFBE-9549-4956-8B50-2549ED9A0B74}.Debug|x86.Build.0 = Debug|Any CPU
		{7048FFBE-9549-4956-8B50-2549ED9A0B74}.Release|Any CPU.ActiveCfg = Release|Any CPU
		{7048FFBE-9549-4956-8B50-2549ED9A0B74}.Release|Any CPU.Build.0 = Release|Any CPU
		{7048FFBE-9549-4956-8B50-2549ED9A0B74}.Release|x64.ActiveCfg = Release|Any CPU
		{7048FFBE-9549-4956-8B50-2549ED9A0B74}.Release|x64.Build.0 = Release|Any CPU
		{7048FFBE-9549-4956-8B50-2549ED9A0B74}.Release|x86.ActiveCfg = Release|Any CPU
		{7048FFBE-9549-4956-8B50-2549ED9A0B74}.Release|x86.Build.0 = Release|Any CPU
	EndGlobalSection
	GlobalSection(SolutionProperties) = preSolution
		HideSolutionNode = FALSE
	EndGlobalSection
	GlobalSection(NestedProjects) = preSolution
		{1ABA6D69-21DB-43C2-AF02-50DF55EF4080} = {827E0CD3-B72D-47B6-A68D-7590B98EB39B}
		{76A3ED2F-B5F5-4185-AE34-6731EB6CD542} = {827E0CD3-B72D-47B6-A68D-7590B98EB39B}
		{2451233D-15E6-4A9C-8738-3F1699E0E33C} = {827E0CD3-B72D-47B6-A68D-7590B98EB39B}
		{A3B5C7D9-E1F2-4A3B-8C9D-0E1F2A3B4C5D} = {827E0CD3-B72D-47B6-A68D-7590B98EB39B}
		{8894FABF-83BE-4E9D-82E2-E288F6B5E021} = {827E0CD3-B72D-47B6-A68D-7590B98EB39B}
		{9FC89166-9CCB-446F-A3CE-D720436FEB53} = {827E0CD3-B72D-47B6-A68D-7590B98EB39B}
		{044FB897-9A05-490C-97D3-4854DF990007} = {827E0CD3-B72D-47B6-A68D-7590B98EB39B}
		{B87E71CA-2C72-4C73-91C2-1C0E2BD67649} = {827E0CD3-B72D-47B6-A68D-7590B98EB39B}
		{10FDD3FA-6AB8-4E66-ACE2-E6D50A7A0DD5} = {0AB3BF05-4346-4AA6-1389-037BE0695223}
		{C658FCE6-E925-49E5-A1A6-F1E9583E2278} = {0AB3BF05-4346-4AA6-1389-037BE0695223}
		{949DAB39-B71A-43AA-A5F6-575F7C1930AB} = {0AB3BF05-4346-4AA6-1389-037BE0695223}
		{0AF53C06-85B1-4E32-AFE4-D9BF6E5CC61E} = {0AB3BF05-4346-4AA6-1389-037BE0695223}
		{2E0C8A15-F868-4DCC-9E9E-A36C52CFC0EF} = {0AB3BF05-4346-4AA6-1389-037BE0695223}
		{07C0DA0D-776B-482F-81F5-D385B5B2E4DE} = {0AB3BF05-4346-4AA6-1389-037BE0695223}
		{10D86F9F-64D2-4284-BD8F-829559406481} = {0AB3BF05-4346-4AA6-1389-037BE0695223}
		{6CAEB052-E699-4933-8132-D11C291E9A27} = {02EA681E-C7D8-13C7-8484-4AC65E1B71E8}
		{850B2147-9300-4BB4-9103-BB391CA68178} = {0AB3BF05-4346-4AA6-1389-037BE0695223}
		{617D4D5E-0442-4F40-8E00-924273C000DD} = {0AB3BF05-4346-4AA6-1389-037BE0695223}
		{7048FFBE-9549-4956-8B50-2549ED9A0B74} = {0AB3BF05-4346-4AA6-1389-037BE0695223}
	EndGlobalSection
EndGlobal
